
Microsoft Visual Studio Solution File, Format Version 12.00
# Visual Studio 14
VisualStudioVersion = 14.0.24720.0
MinimumVisualStudioVersion = 10.0.40219.1
Project("{2150E333-8FDC-42A3-9474-1A3956D46DE8}") = "src", "src", "{5CEABCD2-5C86-4405-98D3-4790AD5F2715}"
EndProject
Project("{2150E333-8FDC-42A3-9474-1A3956D46DE8}") = "Solution Items", "Solution Items", "{A963A03A-B67F-4402-A0D1-777DF2566105}"
	ProjectSection(SolutionItems) = preProject
		global.json = global.json
	EndProjectSection
EndProject
Project("{8BB2217D-0F2D-49D1-97BC-3654ED321F3B}") = "ProjectPlannerASP5", "src\ProjectPlannerASP5\ProjectPlannerASP5.xproj", "{F2B7A40F-16C4-4F99-A737-00B181592339}"
EndProject
Project("{2150E333-8FDC-42A3-9474-1A3956D46DE8}") = "Base", "Base", "{0A13562E-05EA-481B-9936-24F3BD8B3EC0}"
EndProject
Project("{8BB2217D-0F2D-49D1-97BC-3654ED321F3B}") = "ProjectPlanner.Cqrs.Base", "ProjectPlanner.Cqrs.Base\ProjectPlanner.Cqrs.Base.xproj", "{7902CD8D-A2E0-424F-B9E7-8FCEAD62805C}"
EndProject
Project("{8BB2217D-0F2D-49D1-97BC-3654ED321F3B}") = "ProjectPlanner.Infrastructure.Orm", "ProjectPlanner.Infrastructure.Orm\ProjectPlanner.Infrastructure.Orm.xproj", "{E2795422-1B16-4150-A856-BCE9B6AF46DD}"
EndProject
Global
	GlobalSection(SolutionConfigurationPlatforms) = preSolution
		Debug|Any CPU = Debug|Any CPU
		Release|Any CPU = Release|Any CPU
	EndGlobalSection
	GlobalSection(ProjectConfigurationPlatforms) = postSolution
		{F2B7A40F-16C4-4F99-A737-00B181592339}.Debug|Any CPU.ActiveCfg = Debug|Any CPU
		{F2B7A40F-16C4-4F99-A737-00B181592339}.Debug|Any CPU.Build.0 = Debug|Any CPU
		{F2B7A40F-16C4-4F99-A737-00B181592339}.Release|Any CPU.ActiveCfg = Release|Any CPU
		{F2B7A40F-16C4-4F99-A737-00B181592339}.Release|Any CPU.Build.0 = Release|Any CPU
		{7902CD8D-A2E0-424F-B9E7-8FCEAD62805C}.Debug|Any CPU.ActiveCfg = Debug|Any CPU
		{7902CD8D-A2E0-424F-B9E7-8FCEAD62805C}.Debug|Any CPU.Build.0 = Debug|Any CPU
		{7902CD8D-A2E0-424F-B9E7-8FCEAD62805C}.Release|Any CPU.ActiveCfg = Release|Any CPU
		{7902CD8D-A2E0-424F-B9E7-8FCEAD62805C}.Release|Any CPU.Build.0 = Release|Any CPU
		{E2795422-1B16-4150-A856-BCE9B6AF46DD}.Debug|Any CPU.ActiveCfg = Debug|Any CPU
		{E2795422-1B16-4150-A856-BCE9B6AF46DD}.Debug|Any CPU.Build.0 = Debug|Any CPU
		{E2795422-1B16-4150-A856-BCE9B6AF46DD}.Release|Any CPU.ActiveCfg = Release|Any CPU
		{E2795422-1B16-4150-A856-BCE9B6AF46DD}.Release|Any CPU.Build.0 = Release|Any CPU
	EndGlobalSection
	GlobalSection(SolutionProperties) = preSolution
		HideSolutionNode = FALSE
	EndGlobalSection
	GlobalSection(NestedProjects) = preSolution
		{F2B7A40F-16C4-4F99-A737-00B181592339} = {5CEABCD2-5C86-4405-98D3-4790AD5F2715}
		{0A13562E-05EA-481B-9936-24F3BD8B3EC0} = {5CEABCD2-5C86-4405-98D3-4790AD5F2715}
		{7902CD8D-A2E0-424F-B9E7-8FCEAD62805C} = {0A13562E-05EA-481B-9936-24F3BD8B3EC0}
		{E2795422-1B16-4150-A856-BCE9B6AF46DD} = {0A13562E-05EA-481B-9936-24F3BD8B3EC0}
	EndGlobalSection
EndGlobal
