
Microsoft Visual Studio Solution File, Format Version 12.00
# Visual Studio 14
VisualStudioVersion = 14.0.24720.0
MinimumVisualStudioVersion = 10.0.40219.1
Project("{2150E333-8FDC-42A3-9474-1A3956D46DE8}") = "src", "src", "{5CEABCD2-5C86-4405-98D3-4790AD5F2715}"
EndProject
Project("{2150E333-8FDC-42A3-9474-1A3956D46DE8}") = "Solution Items", "Solution Items", "{A963A03A-B67F-4402-A0D1-777DF2566105}"
	ProjectSection(SolutionItems) = preProject
		global.json = global.json
	EndProjectSection
EndProject
Project("{8BB2217D-0F2D-49D1-97BC-3654ED321F3B}") = "ProjectPlannerASP5", "src\ProjectPlannerASP5\ProjectPlannerASP5.xproj", "{F2B7A40F-16C4-4F99-A737-00B181592339}"
EndProject
Project("{2150E333-8FDC-42A3-9474-1A3956D46DE8}") = "Web", "Web", "{488CB7C7-CF3D-45F2-8F82-6F7305F6B2BF}"
EndProject
Project("{2150E333-8FDC-42A3-9474-1A3956D46DE8}") = "Base", "Base", "{0A13562E-05EA-481B-9936-24F3BD8B3EC0}"
EndProject
Project("{2150E333-8FDC-42A3-9474-1A3956D46DE8}") = "Projects", "Projects", "{1CDEBEDC-5DA5-4EB6-BECF-098961B8E4DE}"
EndProject
Project("{8BB2217D-0F2D-49D1-97BC-3654ED321F3B}") = "ProjectPlanner.Projects.Tests", "ProjectPlanner.Projects.Tests\ProjectPlanner.Projects.Tests.xproj", "{6E6A2D47-2924-4E51-8043-3B17C59F7DD9}"
EndProject
Project("{8BB2217D-0F2D-49D1-97BC-3654ED321F3B}") = "ProjectPlanner.Projects.Interfaces", "ProjectPlanner.Projects.Interfaces\ProjectPlanner.Projects.Interfaces.xproj", "{7AE306A4-7B27-48F8-8B31-C623C238725F}"
EndProject
Project("{8BB2217D-0F2D-49D1-97BC-3654ED321F3B}") = "ProjectPlanner.Projects", "ProjectPlanner.Projects\ProjectPlanner.Projects.xproj", "{A420256F-19C3-4D3E-A0E2-B62934193064}"
EndProject
Project("{8BB2217D-0F2D-49D1-97BC-3654ED321F3B}") = "ProjectPlanner.Cqrs.Base", "ProjectPlanner.Cqrs.Base\ProjectPlanner.Cqrs.Base.xproj", "{7902CD8D-A2E0-424F-B9E7-8FCEAD62805C}"
EndProject
Project("{8BB2217D-0F2D-49D1-97BC-3654ED321F3B}") = "ProjectPlanner.Infrastructure.Orm", "ProjectPlanner.Infrastructure.Orm\ProjectPlanner.Infrastructure.Orm.xproj", "{E2795422-1B16-4150-A856-BCE9B6AF46DD}"
EndProject
Project("{2150E333-8FDC-42A3-9474-1A3956D46DE8}") = "test", "test", "{1B3F398E-89FF-4727-8F3D-7BA1B670A219}"
EndProject
Project("{2150E333-8FDC-42A3-9474-1A3956D46DE8}") = "Projects", "Projects", "{1E7BA0C6-BB14-4F48-9DBB-ABADC83052F6}"
EndProject
Project("{2150E333-8FDC-42A3-9474-1A3956D46DE8}") = "Helpers", "Helpers", "{B320D20A-F120-4674-B7F7-3EA21BE30895}"
EndProject
Project("{8BB2217D-0F2D-49D1-97BC-3654ED321F3B}") = "ProjectPlanner.Tests.Helpers", "ProjectPlanner.Tests.Helpers\ProjectPlanner.Tests.Helpers.xproj", "{286BC400-A3FF-46B5-9B84-B3DCD9A5C835}"
EndProject
Project("{2150E333-8FDC-42A3-9474-1A3956D46DE8}") = "CRM", "CRM", "{ABC0720F-FC28-4392-9A1E-40FC71F6C301}"
EndProject
Project("{8BB2217D-0F2D-49D1-97BC-3654ED321F3B}") = "ProjectPlanner.CRM.Interfaces", "ProjectPlanner.CRM.Interfaces\ProjectPlanner.CRM.Interfaces.xproj", "{9AA047DB-A70C-43E5-8534-953424C7F01C}"
EndProject
Project("{8BB2217D-0F2D-49D1-97BC-3654ED321F3B}") = "ProjectPlanner.CRM", "ProjectPlanner.CRM\ProjectPlanner.CRM.xproj", "{C3E1B718-1C13-4AF3-8AAD-CF48BE547EED}"
EndProject
Global
	GlobalSection(SolutionConfigurationPlatforms) = preSolution
		Debug|Any CPU = Debug|Any CPU
		Release|Any CPU = Release|Any CPU
	EndGlobalSection
	GlobalSection(ProjectConfigurationPlatforms) = postSolution
		{F2B7A40F-16C4-4F99-A737-00B181592339}.Debug|Any CPU.ActiveCfg = Debug|Any CPU
		{F2B7A40F-16C4-4F99-A737-00B181592339}.Debug|Any CPU.Build.0 = Debug|Any CPU
		{F2B7A40F-16C4-4F99-A737-00B181592339}.Release|Any CPU.ActiveCfg = Release|Any CPU
		{F2B7A40F-16C4-4F99-A737-00B181592339}.Release|Any CPU.Build.0 = Release|Any CPU
		{6E6A2D47-2924-4E51-8043-3B17C59F7DD9}.Debug|Any CPU.ActiveCfg = Debug|Any CPU
		{6E6A2D47-2924-4E51-8043-3B17C59F7DD9}.Debug|Any CPU.Build.0 = Debug|Any CPU
		{6E6A2D47-2924-4E51-8043-3B17C59F7DD9}.Release|Any CPU.ActiveCfg = Release|Any CPU
		{6E6A2D47-2924-4E51-8043-3B17C59F7DD9}.Release|Any CPU.Build.0 = Release|Any CPU
		{7AE306A4-7B27-48F8-8B31-C623C238725F}.Debug|Any CPU.ActiveCfg = Debug|Any CPU
		{7AE306A4-7B27-48F8-8B31-C623C238725F}.Debug|Any CPU.Build.0 = Debug|Any CPU
		{7AE306A4-7B27-48F8-8B31-C623C238725F}.Release|Any CPU.ActiveCfg = Release|Any CPU
		{7AE306A4-7B27-48F8-8B31-C623C238725F}.Release|Any CPU.Build.0 = Release|Any CPU
		{A420256F-19C3-4D3E-A0E2-B62934193064}.Debug|Any CPU.ActiveCfg = Debug|Any CPU
		{A420256F-19C3-4D3E-A0E2-B62934193064}.Debug|Any CPU.Build.0 = Debug|Any CPU
		{A420256F-19C3-4D3E-A0E2-B62934193064}.Release|Any CPU.ActiveCfg = Release|Any CPU
		{A420256F-19C3-4D3E-A0E2-B62934193064}.Release|Any CPU.Build.0 = Release|Any CPU
		{7902CD8D-A2E0-424F-B9E7-8FCEAD62805C}.Debug|Any CPU.ActiveCfg = Debug|Any CPU
		{7902CD8D-A2E0-424F-B9E7-8FCEAD62805C}.Debug|Any CPU.Build.0 = Debug|Any CPU
		{7902CD8D-A2E0-424F-B9E7-8FCEAD62805C}.Release|Any CPU.ActiveCfg = Release|Any CPU
		{7902CD8D-A2E0-424F-B9E7-8FCEAD62805C}.Release|Any CPU.Build.0 = Release|Any CPU
		{E2795422-1B16-4150-A856-BCE9B6AF46DD}.Debug|Any CPU.ActiveCfg = Debug|Any CPU
		{E2795422-1B16-4150-A856-BCE9B6AF46DD}.Debug|Any CPU.Build.0 = Debug|Any CPU
		{E2795422-1B16-4150-A856-BCE9B6AF46DD}.Release|Any CPU.ActiveCfg = Release|Any CPU
		{E2795422-1B16-4150-A856-BCE9B6AF46DD}.Release|Any CPU.Build.0 = Release|Any CPU
		{286BC400-A3FF-46B5-9B84-B3DCD9A5C835}.Debug|Any CPU.ActiveCfg = Debug|Any CPU
		{286BC400-A3FF-46B5-9B84-B3DCD9A5C835}.Debug|Any CPU.Build.0 = Debug|Any CPU
		{286BC400-A3FF-46B5-9B84-B3DCD9A5C835}.Release|Any CPU.ActiveCfg = Release|Any CPU
		{286BC400-A3FF-46B5-9B84-B3DCD9A5C835}.Release|Any CPU.Build.0 = Release|Any CPU
		{9AA047DB-A70C-43E5-8534-953424C7F01C}.Debug|Any CPU.ActiveCfg = Debug|Any CPU
		{9AA047DB-A70C-43E5-8534-953424C7F01C}.Debug|Any CPU.Build.0 = Debug|Any CPU
		{9AA047DB-A70C-43E5-8534-953424C7F01C}.Release|Any CPU.ActiveCfg = Release|Any CPU
		{9AA047DB-A70C-43E5-8534-953424C7F01C}.Release|Any CPU.Build.0 = Release|Any CPU
		{C3E1B718-1C13-4AF3-8AAD-CF48BE547EED}.Debug|Any CPU.ActiveCfg = Debug|Any CPU
		{C3E1B718-1C13-4AF3-8AAD-CF48BE547EED}.Debug|Any CPU.Build.0 = Debug|Any CPU
		{C3E1B718-1C13-4AF3-8AAD-CF48BE547EED}.Release|Any CPU.ActiveCfg = Release|Any CPU
		{C3E1B718-1C13-4AF3-8AAD-CF48BE547EED}.Release|Any CPU.Build.0 = Release|Any CPU
	EndGlobalSection
	GlobalSection(SolutionProperties) = preSolution
		HideSolutionNode = FALSE
	EndGlobalSection
	GlobalSection(NestedProjects) = preSolution
		{F2B7A40F-16C4-4F99-A737-00B181592339} = {488CB7C7-CF3D-45F2-8F82-6F7305F6B2BF}
		{488CB7C7-CF3D-45F2-8F82-6F7305F6B2BF} = {5CEABCD2-5C86-4405-98D3-4790AD5F2715}
		{0A13562E-05EA-481B-9936-24F3BD8B3EC0} = {5CEABCD2-5C86-4405-98D3-4790AD5F2715}
		{1CDEBEDC-5DA5-4EB6-BECF-098961B8E4DE} = {5CEABCD2-5C86-4405-98D3-4790AD5F2715}
		{6E6A2D47-2924-4E51-8043-3B17C59F7DD9} = {1E7BA0C6-BB14-4F48-9DBB-ABADC83052F6}
		{7AE306A4-7B27-48F8-8B31-C623C238725F} = {1CDEBEDC-5DA5-4EB6-BECF-098961B8E4DE}
		{A420256F-19C3-4D3E-A0E2-B62934193064} = {1CDEBEDC-5DA5-4EB6-BECF-098961B8E4DE}
		{7902CD8D-A2E0-424F-B9E7-8FCEAD62805C} = {0A13562E-05EA-481B-9936-24F3BD8B3EC0}
		{E2795422-1B16-4150-A856-BCE9B6AF46DD} = {0A13562E-05EA-481B-9936-24F3BD8B3EC0}
		{1E7BA0C6-BB14-4F48-9DBB-ABADC83052F6} = {1B3F398E-89FF-4727-8F3D-7BA1B670A219}
		{B320D20A-F120-4674-B7F7-3EA21BE30895} = {1B3F398E-89FF-4727-8F3D-7BA1B670A219}
		{286BC400-A3FF-46B5-9B84-B3DCD9A5C835} = {B320D20A-F120-4674-B7F7-3EA21BE30895}
		{ABC0720F-FC28-4392-9A1E-40FC71F6C301} = {5CEABCD2-5C86-4405-98D3-4790AD5F2715}
		{9AA047DB-A70C-43E5-8534-953424C7F01C} = {ABC0720F-FC28-4392-9A1E-40FC71F6C301}
		{C3E1B718-1C13-4AF3-8AAD-CF48BE547EED} = {ABC0720F-FC28-4392-9A1E-40FC71F6C301}
	EndGlobalSection
EndGlobal
