
Microsoft Visual Studio Solution File, Format Version 12.00
# Visual Studio 14
VisualStudioVersion = 14.0.23107.0
MinimumVisualStudioVersion = 10.0.40219.1
Project("{2150E333-8FDC-42A3-9474-1A3956D46DE8}") = "src", "src", "{5CEABCD2-5C86-4405-98D3-4790AD5F2715}"
EndProject
Project("{2150E333-8FDC-42A3-9474-1A3956D46DE8}") = "Solution Items", "Solution Items", "{A963A03A-B67F-4402-A0D1-777DF2566105}"
	ProjectSection(SolutionItems) = preProject
		global.json = global.json
	EndProjectSection
EndProject
Project("{8BB2217D-0F2D-49D1-97BC-3654ED321F3B}") = "ProjectPlannerASP5", "src\ProjectPlannerASP5\ProjectPlannerASP5.xproj", "{F2B7A40F-16C4-4F99-A737-00B181592339}"
EndProject
Project("{2150E333-8FDC-42A3-9474-1A3956D46DE8}") = "Web", "Web", "{488CB7C7-CF3D-45F2-8F82-6F7305F6B2BF}"
EndProject
Project("{2150E333-8FDC-42A3-9474-1A3956D46DE8}") = "Base", "Base", "{0A13562E-05EA-481B-9936-24F3BD8B3EC0}"
EndProject
Project("{2150E333-8FDC-42A3-9474-1A3956D46DE8}") = "Projects", "Projects", "{1CDEBEDC-5DA5-4EB6-BECF-098961B8E4DE}"
EndProject
Project("{FAE04EC0-301F-11D3-BF4B-00C04F79EFBC}") = "ProjectPlanner.Projects.Interfaces", "ProjectPlanner.Projects.Interfaces\ProjectPlanner.Projects.Interfaces.csproj", "{363F9BE7-2858-49FD-AEEA-7B32ABAE728A}"
EndProject
Project("{FAE04EC0-301F-11D3-BF4B-00C04F79EFBC}") = "ProjectPlanner.Projects", "ProjectPlanner.Projects\ProjectPlanner.Projects.csproj", "{2DB8A52D-D581-4769-9445-1A4C43DF08F7}"
EndProject
Project("{FAE04EC0-301F-11D3-BF4B-00C04F79EFBC}") = "ProjectPlanner.Cqrs.Base", "ProjectPlanner.Cqrs.Base\ProjectPlanner.Cqrs.Base.csproj", "{FCB7EA90-7170-459D-861F-6D4B6EFD7F15}"
EndProject
Global
	GlobalSection(SolutionConfigurationPlatforms) = preSolution
		Debug|Any CPU = Debug|Any CPU
		Release|Any CPU = Release|Any CPU
	EndGlobalSection
	GlobalSection(ProjectConfigurationPlatforms) = postSolution
		{F2B7A40F-16C4-4F99-A737-00B181592339}.Debug|Any CPU.ActiveCfg = Debug|Any CPU
		{F2B7A40F-16C4-4F99-A737-00B181592339}.Debug|Any CPU.Build.0 = Debug|Any CPU
		{F2B7A40F-16C4-4F99-A737-00B181592339}.Release|Any CPU.ActiveCfg = Release|Any CPU
		{F2B7A40F-16C4-4F99-A737-00B181592339}.Release|Any CPU.Build.0 = Release|Any CPU
		{363F9BE7-2858-49FD-AEEA-7B32ABAE728A}.Debug|Any CPU.ActiveCfg = Debug|Any CPU
		{363F9BE7-2858-49FD-AEEA-7B32ABAE728A}.Debug|Any CPU.Build.0 = Debug|Any CPU
		{363F9BE7-2858-49FD-AEEA-7B32ABAE728A}.Release|Any CPU.ActiveCfg = Release|Any CPU
		{363F9BE7-2858-49FD-AEEA-7B32ABAE728A}.Release|Any CPU.Build.0 = Release|Any CPU
		{2DB8A52D-D581-4769-9445-1A4C43DF08F7}.Debug|Any CPU.ActiveCfg = Debug|Any CPU
		{2DB8A52D-D581-4769-9445-1A4C43DF08F7}.Debug|Any CPU.Build.0 = Debug|Any CPU
		{2DB8A52D-D581-4769-9445-1A4C43DF08F7}.Release|Any CPU.ActiveCfg = Release|Any CPU
		{2DB8A52D-D581-4769-9445-1A4C43DF08F7}.Release|Any CPU.Build.0 = Release|Any CPU
		{FCB7EA90-7170-459D-861F-6D4B6EFD7F15}.Debug|Any CPU.ActiveCfg = Debug|Any CPU
		{FCB7EA90-7170-459D-861F-6D4B6EFD7F15}.Debug|Any CPU.Build.0 = Debug|Any CPU
		{FCB7EA90-7170-459D-861F-6D4B6EFD7F15}.Release|Any CPU.ActiveCfg = Release|Any CPU
		{FCB7EA90-7170-459D-861F-6D4B6EFD7F15}.Release|Any CPU.Build.0 = Release|Any CPU
	EndGlobalSection
	GlobalSection(SolutionProperties) = preSolution
		HideSolutionNode = FALSE
	EndGlobalSection
	GlobalSection(NestedProjects) = preSolution
		{F2B7A40F-16C4-4F99-A737-00B181592339} = {488CB7C7-CF3D-45F2-8F82-6F7305F6B2BF}
		{488CB7C7-CF3D-45F2-8F82-6F7305F6B2BF} = {5CEABCD2-5C86-4405-98D3-4790AD5F2715}
		{0A13562E-05EA-481B-9936-24F3BD8B3EC0} = {5CEABCD2-5C86-4405-98D3-4790AD5F2715}
		{1CDEBEDC-5DA5-4EB6-BECF-098961B8E4DE} = {5CEABCD2-5C86-4405-98D3-4790AD5F2715}
		{363F9BE7-2858-49FD-AEEA-7B32ABAE728A} = {1CDEBEDC-5DA5-4EB6-BECF-098961B8E4DE}
		{2DB8A52D-D581-4769-9445-1A4C43DF08F7} = {1CDEBEDC-5DA5-4EB6-BECF-098961B8E4DE}
		{FCB7EA90-7170-459D-861F-6D4B6EFD7F15} = {0A13562E-05EA-481B-9936-24F3BD8B3EC0}
	EndGlobalSection
EndGlobal
